
Microsoft Visual Studio Solution File, Format Version 12.00
# Visual Studio 14
VisualStudioVersion = 14.0.25420.1
MinimumVisualStudioVersion = 10.0.40219.1
Project("{E24C65DC-7377-472B-9ABA-BC803B73C61A}") = "SistemaTitulacion", "SistemaTitulacion\", "{32E94977-E9B6-4786-AA87-9D963F281664}"
	ProjectSection(WebsiteProperties) = preProject
		TargetFrameworkMoniker = ".NETFramework,Version%3Dv4.0"
		Debug.AspNetCompiler.VirtualPath = "/localhost_50518"
		Debug.AspNetCompiler.PhysicalPath = "SistemaTitulacion\"
		Debug.AspNetCompiler.TargetPath = "PrecompiledWeb\localhost_50518\"
		Debug.AspNetCompiler.Updateable = "true"
		Debug.AspNetCompiler.ForceOverwrite = "true"
		Debug.AspNetCompiler.FixedNames = "false"
		Debug.AspNetCompiler.Debug = "True"
		Release.AspNetCompiler.VirtualPath = "/localhost_50518"
		Release.AspNetCompiler.PhysicalPath = "SistemaTitulacion\"
		Release.AspNetCompiler.TargetPath = "PrecompiledWeb\localhost_50518\"
		Release.AspNetCompiler.Updateable = "true"
		Release.AspNetCompiler.ForceOverwrite = "true"
		Release.AspNetCompiler.FixedNames = "false"
		Release.AspNetCompiler.Debug = "False"
		VWDPort = "50518"
		SlnRelativePath = "SistemaTitulacion\"
	EndProjectSection
EndProject
Project("{FAE04EC0-301F-11D3-BF4B-00C04F79EFBC}") = "SistemaTitulacion", "SistemaTitulacion\SistemaTitulacion.csproj", "{7BAE351C-6DC7-4A34-BA3A-2736637BC827}"
EndProject
Global
	GlobalSection(SolutionConfigurationPlatforms) = preSolution
		Debug|Any CPU = Debug|Any CPU
		Release|Any CPU = Release|Any CPU
	EndGlobalSection
	GlobalSection(ProjectConfigurationPlatforms) = postSolution
		{32E94977-E9B6-4786-AA87-9D963F281664}.Debug|Any CPU.ActiveCfg = Debug|Any CPU
		{32E94977-E9B6-4786-AA87-9D963F281664}.Debug|Any CPU.Build.0 = Debug|Any CPU
		{32E94977-E9B6-4786-AA87-9D963F281664}.Release|Any CPU.ActiveCfg = Debug|Any CPU
		{32E94977-E9B6-4786-AA87-9D963F281664}.Release|Any CPU.Build.0 = Debug|Any CPU
		{7BAE351C-6DC7-4A34-BA3A-2736637BC827}.Debug|Any CPU.ActiveCfg = Debug|Any CPU
		{7BAE351C-6DC7-4A34-BA3A-2736637BC827}.Debug|Any CPU.Build.0 = Debug|Any CPU
		{7BAE351C-6DC7-4A34-BA3A-2736637BC827}.Release|Any CPU.ActiveCfg = Release|Any CPU
		{7BAE351C-6DC7-4A34-BA3A-2736637BC827}.Release|Any CPU.Build.0 = Release|Any CPU
	EndGlobalSection
	GlobalSection(SolutionProperties) = preSolution
		HideSolutionNode = FALSE
	EndGlobalSection
EndGlobal
